
Microsoft Visual Studio Solution File, Format Version 12.00
# Visual Studio Version 17
VisualStudioVersion = 17.4.33122.133
MinimumVisualStudioVersion = 10.0.40219.1
Project("{9A19103F-16F7-4668-BE54-9A1E7A4F7556}") = "PROWeb.Office", "src\PROWeb.Office\PROWeb.Office.csproj", "{F620E696-D393-4939-B0E1-ADA304EE7D58}"
EndProject
Project("{9A19103F-16F7-4668-BE54-9A1E7A4F7556}") = "PROWeb.Data", "src\PROWeb.Data\PROWeb.Data.csproj", "{0BDF5EF6-1774-415E-A03C-0C270BC7AB33}"
EndProject
Project("{9A19103F-16F7-4668-BE54-9A1E7A4F7556}") = "PROWeb.Components", "src\PROWeb.Components\PROWeb.Components.csproj", "{F68A1791-9B48-474D-A509-F7A282E87D14}"
EndProject
Project("{9A19103F-16F7-4668-BE54-9A1E7A4F7556}") = "PROWeb.Common", "src\PROWeb.Common\PROWeb.Common.csproj", "{C3AB9CE3-4BC4-4B29-A50D-1FF4ED9A4D2D}"
EndProject
Project("{9A19103F-16F7-4668-BE54-9A1E7A4F7556}") = "PROWeb.Authentication", "src\PROWeb.Authentication\PROWeb.Authentication.csproj", "{E7D5DB7F-0838-4F93-A938-83EA50BB7063}"
EndProject
Project("{9A19103F-16F7-4668-BE54-9A1E7A4F7556}") = "PROWeb.Data.Authentication", "src\PROWeb.Data.Authentication\PROWeb.Data.Authentication.csproj", "{33DC8E14-F3CF-40BF-8B88-3DAFA2075EE3}"
EndProject
Project("{2150E333-8FDC-42A3-9474-1A3956D46DE8}") = "tests", "tests", "{52970A33-B887-4C7D-B3FE-8067B507DA87}"
EndProject
Project("{2150E333-8FDC-42A3-9474-1A3956D46DE8}") = "IntegrationTests", "IntegrationTests", "{4BA859FA-46A1-43D8-ADEB-058680AC1E6A}"
EndProject
Project("{2150E333-8FDC-42A3-9474-1A3956D46DE8}") = "src", "src", "{55058B8B-2F4A-4DB5-9BEF-E5A4D7539A76}"
EndProject
Project("{FAE04EC0-301F-11D3-BF4B-00C04F79EFBC}") = "PROWeb.WebSiteService.Tests", "tests\IntegrationTests\PROWeb.WebSiteService.Tests\PROWeb.WebSiteService.Tests.csproj", "{910D6D7E-DEA8-44F8-9B0E-F9A156080FA8}"
EndProject
Project("{FAE04EC0-301F-11D3-BF4B-00C04F79EFBC}") = "PROWeb.WebService", "src\PROWeb.WebService\PROWeb.WebService.csproj", "{35475713-A011-4F3E-A422-7B5540B54106}"
EndProject
Project("{FAE04EC0-301F-11D3-BF4B-00C04F79EFBC}") = "PROWeb.WebResources", "src\PROWeb.WebResources\PROWeb.WebResources.csproj", "{61AA2966-EDD2-4DDB-B899-AE0C4DF2B28C}"
EndProject
Project("{FAE04EC0-301F-11D3-BF4B-00C04F79EFBC}") = "PROWeb.RestApi", "PROWeb.RestApi\PROWeb.RestApi.csproj", "{1ACBF51F-BE9F-4F9F-945C-9206991765F9}"
EndProject
Global
	GlobalSection(SolutionConfigurationPlatforms) = preSolution
		Debug|Any CPU = Debug|Any CPU
		Release|Any CPU = Release|Any CPU
	EndGlobalSection
	GlobalSection(ProjectConfigurationPlatforms) = postSolution
		{F620E696-D393-4939-B0E1-ADA304EE7D58}.Debug|Any CPU.ActiveCfg = Debug|Any CPU
		{F620E696-D393-4939-B0E1-ADA304EE7D58}.Debug|Any CPU.Build.0 = Debug|Any CPU
		{F620E696-D393-4939-B0E1-ADA304EE7D58}.Release|Any CPU.ActiveCfg = Release|Any CPU
		{F620E696-D393-4939-B0E1-ADA304EE7D58}.Release|Any CPU.Build.0 = Release|Any CPU
		{0BDF5EF6-1774-415E-A03C-0C270BC7AB33}.Debug|Any CPU.ActiveCfg = Debug|Any CPU
		{0BDF5EF6-1774-415E-A03C-0C270BC7AB33}.Debug|Any CPU.Build.0 = Debug|Any CPU
		{0BDF5EF6-1774-415E-A03C-0C270BC7AB33}.Release|Any CPU.ActiveCfg = Release|Any CPU
		{0BDF5EF6-1774-415E-A03C-0C270BC7AB33}.Release|Any CPU.Build.0 = Release|Any CPU
		{F68A1791-9B48-474D-A509-F7A282E87D14}.Debug|Any CPU.ActiveCfg = Debug|Any CPU
		{F68A1791-9B48-474D-A509-F7A282E87D14}.Debug|Any CPU.Build.0 = Debug|Any CPU
		{F68A1791-9B48-474D-A509-F7A282E87D14}.Release|Any CPU.ActiveCfg = Release|Any CPU
		{F68A1791-9B48-474D-A509-F7A282E87D14}.Release|Any CPU.Build.0 = Release|Any CPU
		{C3AB9CE3-4BC4-4B29-A50D-1FF4ED9A4D2D}.Debug|Any CPU.ActiveCfg = Debug|Any CPU
		{C3AB9CE3-4BC4-4B29-A50D-1FF4ED9A4D2D}.Debug|Any CPU.Build.0 = Debug|Any CPU
		{C3AB9CE3-4BC4-4B29-A50D-1FF4ED9A4D2D}.Release|Any CPU.ActiveCfg = Release|Any CPU
		{C3AB9CE3-4BC4-4B29-A50D-1FF4ED9A4D2D}.Release|Any CPU.Build.0 = Release|Any CPU
		{E7D5DB7F-0838-4F93-A938-83EA50BB7063}.Debug|Any CPU.ActiveCfg = Debug|Any CPU
		{E7D5DB7F-0838-4F93-A938-83EA50BB7063}.Debug|Any CPU.Build.0 = Debug|Any CPU
		{E7D5DB7F-0838-4F93-A938-83EA50BB7063}.Release|Any CPU.ActiveCfg = Release|Any CPU
		{E7D5DB7F-0838-4F93-A938-83EA50BB7063}.Release|Any CPU.Build.0 = Release|Any CPU
		{33DC8E14-F3CF-40BF-8B88-3DAFA2075EE3}.Debug|Any CPU.ActiveCfg = Debug|Any CPU
		{33DC8E14-F3CF-40BF-8B88-3DAFA2075EE3}.Debug|Any CPU.Build.0 = Debug|Any CPU
		{33DC8E14-F3CF-40BF-8B88-3DAFA2075EE3}.Release|Any CPU.ActiveCfg = Release|Any CPU
		{33DC8E14-F3CF-40BF-8B88-3DAFA2075EE3}.Release|Any CPU.Build.0 = Release|Any CPU
		{910D6D7E-DEA8-44F8-9B0E-F9A156080FA8}.Debug|Any CPU.ActiveCfg = Debug|Any CPU
		{910D6D7E-DEA8-44F8-9B0E-F9A156080FA8}.Debug|Any CPU.Build.0 = Debug|Any CPU
		{910D6D7E-DEA8-44F8-9B0E-F9A156080FA8}.Release|Any CPU.ActiveCfg = Release|Any CPU
		{910D6D7E-DEA8-44F8-9B0E-F9A156080FA8}.Release|Any CPU.Build.0 = Release|Any CPU
		{35475713-A011-4F3E-A422-7B5540B54106}.Debug|Any CPU.ActiveCfg = Debug|Any CPU
		{35475713-A011-4F3E-A422-7B5540B54106}.Debug|Any CPU.Build.0 = Debug|Any CPU
		{35475713-A011-4F3E-A422-7B5540B54106}.Release|Any CPU.ActiveCfg = Release|Any CPU
		{35475713-A011-4F3E-A422-7B5540B54106}.Release|Any CPU.Build.0 = Release|Any CPU
		{61AA2966-EDD2-4DDB-B899-AE0C4DF2B28C}.Debug|Any CPU.ActiveCfg = Debug|Any CPU
		{61AA2966-EDD2-4DDB-B899-AE0C4DF2B28C}.Debug|Any CPU.Build.0 = Debug|Any CPU
		{61AA2966-EDD2-4DDB-B899-AE0C4DF2B28C}.Release|Any CPU.ActiveCfg = Release|Any CPU
		{61AA2966-EDD2-4DDB-B899-AE0C4DF2B28C}.Release|Any CPU.Build.0 = Release|Any CPU
		{1ACBF51F-BE9F-4F9F-945C-9206991765F9}.Debug|Any CPU.ActiveCfg = Debug|Any CPU
		{1ACBF51F-BE9F-4F9F-945C-9206991765F9}.Debug|Any CPU.Build.0 = Debug|Any CPU
		{1ACBF51F-BE9F-4F9F-945C-9206991765F9}.Release|Any CPU.ActiveCfg = Release|Any CPU
		{1ACBF51F-BE9F-4F9F-945C-9206991765F9}.Release|Any CPU.Build.0 = Release|Any CPU
	EndGlobalSection
	GlobalSection(SolutionProperties) = preSolution
		HideSolutionNode = FALSE
	EndGlobalSection
	GlobalSection(NestedProjects) = preSolution
		{F620E696-D393-4939-B0E1-ADA304EE7D58} = {55058B8B-2F4A-4DB5-9BEF-E5A4D7539A76}
		{0BDF5EF6-1774-415E-A03C-0C270BC7AB33} = {55058B8B-2F4A-4DB5-9BEF-E5A4D7539A76}
		{F68A1791-9B48-474D-A509-F7A282E87D14} = {55058B8B-2F4A-4DB5-9BEF-E5A4D7539A76}
		{C3AB9CE3-4BC4-4B29-A50D-1FF4ED9A4D2D} = {55058B8B-2F4A-4DB5-9BEF-E5A4D7539A76}
		{E7D5DB7F-0838-4F93-A938-83EA50BB7063} = {55058B8B-2F4A-4DB5-9BEF-E5A4D7539A76}
		{33DC8E14-F3CF-40BF-8B88-3DAFA2075EE3} = {55058B8B-2F4A-4DB5-9BEF-E5A4D7539A76}
		{4BA859FA-46A1-43D8-ADEB-058680AC1E6A} = {52970A33-B887-4C7D-B3FE-8067B507DA87}
		{910D6D7E-DEA8-44F8-9B0E-F9A156080FA8} = {4BA859FA-46A1-43D8-ADEB-058680AC1E6A}
		{35475713-A011-4F3E-A422-7B5540B54106} = {55058B8B-2F4A-4DB5-9BEF-E5A4D7539A76}
		{61AA2966-EDD2-4DDB-B899-AE0C4DF2B28C} = {55058B8B-2F4A-4DB5-9BEF-E5A4D7539A76}
		{1ACBF51F-BE9F-4F9F-945C-9206991765F9} = {55058B8B-2F4A-4DB5-9BEF-E5A4D7539A76}
	EndGlobalSection
	GlobalSection(ExtensibilityGlobals) = postSolution
		SolutionGuid = {B838E64C-B668-45B5-9E7B-F2C21E788277}
	EndGlobalSection
EndGlobal
