
Microsoft Visual Studio Solution File, Format Version 12.00
# Visual Studio Version 17
VisualStudioVersion = 17.4.33110.190
MinimumVisualStudioVersion = 10.0.40219.1
Project("{9A19103F-16F7-4668-BE54-9A1E7A4F7556}") = "PROWeb.Components", "PROWeb.Components.csproj", "{9D3BC9DD-3047-4422-A8EE-78EC4B7BBFD5}"
EndProject
Project("{9A19103F-16F7-4668-BE54-9A1E7A4F7556}") = "PROWeb.Common", "..\PROWeb.Common\PROWeb.Common.csproj", "{A05F3FBE-7CE0-4B98-8EFB-51AADC1E69F2}"
EndProject
Project("{9A19103F-16F7-4668-BE54-9A1E7A4F7556}") = "PROWeb.Data", "..\PROWeb.Data\PROWeb.Data.csproj", "{9554ED5B-F6AF-4A58-9A4B-3B8A0ECEDAA5}"
EndProject
Global
	GlobalSection(SolutionConfigurationPlatforms) = preSolution
		Debug|Any CPU = Debug|Any CPU
		Release|Any CPU = Release|Any CPU
	EndGlobalSection
	GlobalSection(ProjectConfigurationPlatforms) = postSolution
		{9D3BC9DD-3047-4422-A8EE-78EC4B7BBFD5}.Debug|Any CPU.ActiveCfg = Debug|Any CPU
		{9D3BC9DD-3047-4422-A8EE-78EC4B7BBFD5}.Debug|Any CPU.Build.0 = Debug|Any CPU
		{9D3BC9DD-3047-4422-A8EE-78EC4B7BBFD5}.Release|Any CPU.ActiveCfg = Release|Any CPU
		{9D3BC9DD-3047-4422-A8EE-78EC4B7BBFD5}.Release|Any CPU.Build.0 = Release|Any CPU
		{A05F3FBE-7CE0-4B98-8EFB-51AADC1E69F2}.Debug|Any CPU.ActiveCfg = Debug|Any CPU
		{A05F3FBE-7CE0-4B98-8EFB-51AADC1E69F2}.Debug|Any CPU.Build.0 = Debug|Any CPU
		{A05F3FBE-7CE0-4B98-8EFB-51AADC1E69F2}.Release|Any CPU.ActiveCfg = Release|Any CPU
		{A05F3FBE-7CE0-4B98-8EFB-51AADC1E69F2}.Release|Any CPU.Build.0 = Release|Any CPU
		{9554ED5B-F6AF-4A58-9A4B-3B8A0ECEDAA5}.Debug|Any CPU.ActiveCfg = Debug|Any CPU
		{9554ED5B-F6AF-4A58-9A4B-3B8A0ECEDAA5}.Debug|Any CPU.Build.0 = Debug|Any CPU
		{9554ED5B-F6AF-4A58-9A4B-3B8A0ECEDAA5}.Release|Any CPU.ActiveCfg = Release|Any CPU
		{9554ED5B-F6AF-4A58-9A4B-3B8A0ECEDAA5}.Release|Any CPU.Build.0 = Release|Any CPU
	EndGlobalSection
	GlobalSection(SolutionProperties) = preSolution
		HideSolutionNode = FALSE
	EndGlobalSection
	GlobalSection(ExtensibilityGlobals) = postSolution
		SolutionGuid = {565F1FCD-D091-40AD-B278-0B013837A175}
	EndGlobalSection
EndGlobal
